// !$*UTF8*$!
{
	archiveVersion = 1;
	classes = {
	};
	objectVersion = 46;
	objects = {

/* Begin PBXBuildFile section */
		5941518F67A8EBB1F29542CE /* Pods_HomeBaseTests.framework in Frameworks */ = {isa = PBXBuildFile; fileRef = CC494B5586CABF6946FC04BD /* Pods_HomeBaseTests.framework */; };
		722A54281F35C79E00499113 /* AppDelegate.swift in Sources */ = {isa = PBXBuildFile; fileRef = 722A54271F35C79E00499113 /* AppDelegate.swift */; };
		722A542D1F35C79E00499113 /* Main.storyboard in Resources */ = {isa = PBXBuildFile; fileRef = 722A542B1F35C79E00499113 /* Main.storyboard */; };
		722A542F1F35C79E00499113 /* Assets.xcassets in Resources */ = {isa = PBXBuildFile; fileRef = 722A542E1F35C79E00499113 /* Assets.xcassets */; };
		722A54321F35C79E00499113 /* LaunchScreen.storyboard in Resources */ = {isa = PBXBuildFile; fileRef = 722A54301F35C79E00499113 /* LaunchScreen.storyboard */; };
		722A543D1F35C79E00499113 /* HomeBaseTests.swift in Sources */ = {isa = PBXBuildFile; fileRef = 722A543C1F35C79E00499113 /* HomeBaseTests.swift */; };
		722A54EF1F38329900499113 /* TeamNavigationViewController.swift in Sources */ = {isa = PBXBuildFile; fileRef = 722A54EE1F38329900499113 /* TeamNavigationViewController.swift */; };
		722A54F11F38333B00499113 /* SquadNavigationViewController.swift in Sources */ = {isa = PBXBuildFile; fileRef = 722A54F01F38333B00499113 /* SquadNavigationViewController.swift */; };
		722A54F41F3834E600499113 /* TeamNavigation.storyboard in Resources */ = {isa = PBXBuildFile; fileRef = 722A54F21F3834E600499113 /* TeamNavigation.storyboard */; };
		722A54FA1F3836D000499113 /* TeamMainViewController.swift in Sources */ = {isa = PBXBuildFile; fileRef = 722A54F91F3836D000499113 /* TeamMainViewController.swift */; };
		722A54FC1F38370900499113 /* SquadMainViewController.swift in Sources */ = {isa = PBXBuildFile; fileRef = 722A54FB1F38370900499113 /* SquadMainViewController.swift */; };
		722A55011F38385D00499113 /* SquadNavigation.storyboard in Resources */ = {isa = PBXBuildFile; fileRef = 722A54FF1F38385D00499113 /* SquadNavigation.storyboard */; };
		722A55041F3841B100499113 /* StartNavigation.storyboard in Resources */ = {isa = PBXBuildFile; fileRef = 722A55021F3841B100499113 /* StartNavigation.storyboard */; };
		722A55071F3841F700499113 /* StartNavigationViewController.swift in Sources */ = {isa = PBXBuildFile; fileRef = 722A55061F3841F700499113 /* StartNavigationViewController.swift */; };
		722A55091F38420C00499113 /* TeamNameViewController.swift in Sources */ = {isa = PBXBuildFile; fileRef = 722A55081F38420C00499113 /* TeamNameViewController.swift */; };
		722A550B1F38421B00499113 /* TeamImageViewController.swift in Sources */ = {isa = PBXBuildFile; fileRef = 722A550A1F38421B00499113 /* TeamImageViewController.swift */; };
		72425E421F398A180071FA13 /* MainTabBarController.swift in Sources */ = {isa = PBXBuildFile; fileRef = 72425E411F398A180071FA13 /* MainTabBarController.swift */; };
		72425EF91F3A025D0071FA13 /* ScheduleNavigation.storyboard in Resources */ = {isa = PBXBuildFile; fileRef = 72425EF71F3A025D0071FA13 /* ScheduleNavigation.storyboard */; };
		72425EFC1F3A02C40071FA13 /* ScheduleNavigationViewController.swift in Sources */ = {isa = PBXBuildFile; fileRef = 72425EFB1F3A02C40071FA13 /* ScheduleNavigationViewController.swift */; };
		72425EFE1F3A02EF0071FA13 /* AllScheduleViewController.swift in Sources */ = {isa = PBXBuildFile; fileRef = 72425EFD1F3A02EF0071FA13 /* AllScheduleViewController.swift */; };
		72425F001F3A19040071FA13 /* AddScheduleViewController.swift in Sources */ = {isa = PBXBuildFile; fileRef = 72425EFF1F3A19040071FA13 /* AddScheduleViewController.swift */; };
		72425F021F3A31340071FA13 /* DetailScheduleViewController.swift in Sources */ = {isa = PBXBuildFile; fileRef = 72425F011F3A31340071FA13 /* DetailScheduleViewController.swift */; };
		A396F94C5C79E078FA99245A /* Pods_HomeBase.framework in Frameworks */ = {isa = PBXBuildFile; fileRef = 9EDEFF7345D89820147D740D /* Pods_HomeBase.framework */; };
		C91970FC1F3AEC1E005805C7 /* TeamScheduleTableViewCell.swift in Sources */ = {isa = PBXBuildFile; fileRef = C91970FB1F3AEC1E005805C7 /* TeamScheduleTableViewCell.swift */; };
		C91971021F3AED8D005805C7 /* TeamRecordTableViewCell.swift in Sources */ = {isa = PBXBuildFile; fileRef = C91971011F3AED8D005805C7 /* TeamRecordTableViewCell.swift */; };
		C9A3E45E1F39B1BB00F592A0 /* SquadAddPlayerViewController.swift in Sources */ = {isa = PBXBuildFile; fileRef = C9A3E45D1F39B1BB00F592A0 /* SquadAddPlayerViewController.swift */; };
		C9A3E4601F39B4BD00F592A0 /* SquadPlayerTableViewCell.swift in Sources */ = {isa = PBXBuildFile; fileRef = C9A3E45F1F39B4BD00F592A0 /* SquadPlayerTableViewCell.swift */; };
		C9A3E4621F3A2A7200F592A0 /* DBManager.swift in Sources */ = {isa = PBXBuildFile; fileRef = C9A3E4611F3A2A7200F592A0 /* DBManager.swift */; };
/* End PBXBuildFile section */

/* Begin PBXContainerItemProxy section */
		722A54391F35C79E00499113 /* PBXContainerItemProxy */ = {
			isa = PBXContainerItemProxy;
			containerPortal = 722A541C1F35C79E00499113 /* Project object */;
			proxyType = 1;
			remoteGlobalIDString = 722A54231F35C79E00499113;
			remoteInfo = HomeBase;
		};
/* End PBXContainerItemProxy section */

/* Begin PBXFileReference section */
		48EECDDD73528DA9CAFC5CCE /* Pods-HomeBaseTests.release.xcconfig */ = {isa = PBXFileReference; includeInIndex = 1; lastKnownFileType = text.xcconfig; name = "Pods-HomeBaseTests.release.xcconfig"; path = "Pods/Target Support Files/Pods-HomeBaseTests/Pods-HomeBaseTests.release.xcconfig"; sourceTree = "<group>"; };
		72023B3B200B389AEBFC2FDE /* Pods-HomeBase.release.xcconfig */ = {isa = PBXFileReference; includeInIndex = 1; lastKnownFileType = text.xcconfig; name = "Pods-HomeBase.release.xcconfig"; path = "Pods/Target Support Files/Pods-HomeBase/Pods-HomeBase.release.xcconfig"; sourceTree = "<group>"; };
		722A54241F35C79E00499113 /* HomeBase.app */ = {isa = PBXFileReference; explicitFileType = wrapper.application; includeInIndex = 0; path = HomeBase.app; sourceTree = BUILT_PRODUCTS_DIR; };
		722A54271F35C79E00499113 /* AppDelegate.swift */ = {isa = PBXFileReference; lastKnownFileType = sourcecode.swift; path = AppDelegate.swift; sourceTree = "<group>"; };
		722A542C1F35C79E00499113 /* Base */ = {isa = PBXFileReference; lastKnownFileType = file.storyboard; name = Base; path = Base.lproj/Main.storyboard; sourceTree = "<group>"; };
		722A542E1F35C79E00499113 /* Assets.xcassets */ = {isa = PBXFileReference; lastKnownFileType = folder.assetcatalog; path = Assets.xcassets; sourceTree = "<group>"; };
		722A54311F35C79E00499113 /* Base */ = {isa = PBXFileReference; lastKnownFileType = file.storyboard; name = Base; path = Base.lproj/LaunchScreen.storyboard; sourceTree = "<group>"; };
		722A54331F35C79E00499113 /* Info.plist */ = {isa = PBXFileReference; lastKnownFileType = text.plist.xml; path = Info.plist; sourceTree = "<group>"; };
		722A54381F35C79E00499113 /* HomeBaseTests.xctest */ = {isa = PBXFileReference; explicitFileType = wrapper.cfbundle; includeInIndex = 0; path = HomeBaseTests.xctest; sourceTree = BUILT_PRODUCTS_DIR; };
		722A543C1F35C79E00499113 /* HomeBaseTests.swift */ = {isa = PBXFileReference; lastKnownFileType = sourcecode.swift; path = HomeBaseTests.swift; sourceTree = "<group>"; };
		722A543E1F35C79E00499113 /* Info.plist */ = {isa = PBXFileReference; lastKnownFileType = text.plist.xml; path = Info.plist; sourceTree = "<group>"; };
		722A54EE1F38329900499113 /* TeamNavigationViewController.swift */ = {isa = PBXFileReference; fileEncoding = 4; lastKnownFileType = sourcecode.swift; path = TeamNavigationViewController.swift; sourceTree = "<group>"; };
		722A54F01F38333B00499113 /* SquadNavigationViewController.swift */ = {isa = PBXFileReference; fileEncoding = 4; lastKnownFileType = sourcecode.swift; path = SquadNavigationViewController.swift; sourceTree = "<group>"; };
		722A54F31F3834E600499113 /* Base */ = {isa = PBXFileReference; lastKnownFileType = file.storyboard; name = Base; path = Base.lproj/TeamNavigation.storyboard; sourceTree = "<group>"; };
		722A54F91F3836D000499113 /* TeamMainViewController.swift */ = {isa = PBXFileReference; fileEncoding = 4; lastKnownFileType = sourcecode.swift; path = TeamMainViewController.swift; sourceTree = "<group>"; };
		722A54FB1F38370900499113 /* SquadMainViewController.swift */ = {isa = PBXFileReference; fileEncoding = 4; lastKnownFileType = sourcecode.swift; path = SquadMainViewController.swift; sourceTree = "<group>"; };
		722A55001F38385D00499113 /* Base */ = {isa = PBXFileReference; lastKnownFileType = file.storyboard; name = Base; path = Base.lproj/SquadNavigation.storyboard; sourceTree = "<group>"; };
		722A55031F3841B100499113 /* Base */ = {isa = PBXFileReference; lastKnownFileType = file.storyboard; name = Base; path = Base.lproj/StartNavigation.storyboard; sourceTree = "<group>"; };
		722A55061F3841F700499113 /* StartNavigationViewController.swift */ = {isa = PBXFileReference; fileEncoding = 4; lastKnownFileType = sourcecode.swift; path = StartNavigationViewController.swift; sourceTree = "<group>"; };
		722A55081F38420C00499113 /* TeamNameViewController.swift */ = {isa = PBXFileReference; fileEncoding = 4; lastKnownFileType = sourcecode.swift; path = TeamNameViewController.swift; sourceTree = "<group>"; };
		722A550A1F38421B00499113 /* TeamImageViewController.swift */ = {isa = PBXFileReference; fileEncoding = 4; lastKnownFileType = sourcecode.swift; path = TeamImageViewController.swift; sourceTree = "<group>"; };
		72425E411F398A180071FA13 /* MainTabBarController.swift */ = {isa = PBXFileReference; fileEncoding = 4; lastKnownFileType = sourcecode.swift; path = MainTabBarController.swift; sourceTree = "<group>"; };
		72425EF81F3A025D0071FA13 /* Base */ = {isa = PBXFileReference; lastKnownFileType = file.storyboard; name = Base; path = Base.lproj/ScheduleNavigation.storyboard; sourceTree = "<group>"; };
		72425EFB1F3A02C40071FA13 /* ScheduleNavigationViewController.swift */ = {isa = PBXFileReference; fileEncoding = 4; lastKnownFileType = sourcecode.swift; path = ScheduleNavigationViewController.swift; sourceTree = "<group>"; };
		72425EFD1F3A02EF0071FA13 /* AllScheduleViewController.swift */ = {isa = PBXFileReference; fileEncoding = 4; lastKnownFileType = sourcecode.swift; path = AllScheduleViewController.swift; sourceTree = "<group>"; };
		72425EFF1F3A19040071FA13 /* AddScheduleViewController.swift */ = {isa = PBXFileReference; fileEncoding = 4; lastKnownFileType = sourcecode.swift; path = AddScheduleViewController.swift; sourceTree = "<group>"; };
		72425F011F3A31340071FA13 /* DetailScheduleViewController.swift */ = {isa = PBXFileReference; fileEncoding = 4; lastKnownFileType = sourcecode.swift; path = DetailScheduleViewController.swift; sourceTree = "<group>"; };
		9EDEFF7345D89820147D740D /* Pods_HomeBase.framework */ = {isa = PBXFileReference; explicitFileType = wrapper.framework; includeInIndex = 0; path = Pods_HomeBase.framework; sourceTree = BUILT_PRODUCTS_DIR; };
		B2571951D557027D0D74E103 /* Pods-HomeBase.debug.xcconfig */ = {isa = PBXFileReference; includeInIndex = 1; lastKnownFileType = text.xcconfig; name = "Pods-HomeBase.debug.xcconfig"; path = "Pods/Target Support Files/Pods-HomeBase/Pods-HomeBase.debug.xcconfig"; sourceTree = "<group>"; };
		C91970FB1F3AEC1E005805C7 /* TeamScheduleTableViewCell.swift */ = {isa = PBXFileReference; fileEncoding = 4; lastKnownFileType = sourcecode.swift; path = TeamScheduleTableViewCell.swift; sourceTree = "<group>"; };
		C91971011F3AED8D005805C7 /* TeamRecordTableViewCell.swift */ = {isa = PBXFileReference; fileEncoding = 4; lastKnownFileType = sourcecode.swift; path = TeamRecordTableViewCell.swift; sourceTree = "<group>"; };
		C9A3E45D1F39B1BB00F592A0 /* SquadAddPlayerViewController.swift */ = {isa = PBXFileReference; fileEncoding = 4; lastKnownFileType = sourcecode.swift; path = SquadAddPlayerViewController.swift; sourceTree = "<group>"; };
		C9A3E45F1F39B4BD00F592A0 /* SquadPlayerTableViewCell.swift */ = {isa = PBXFileReference; fileEncoding = 4; lastKnownFileType = sourcecode.swift; path = SquadPlayerTableViewCell.swift; sourceTree = "<group>"; };
		C9A3E4611F3A2A7200F592A0 /* DBManager.swift */ = {isa = PBXFileReference; fileEncoding = 4; lastKnownFileType = sourcecode.swift; path = DBManager.swift; sourceTree = "<group>"; };
		CC494B5586CABF6946FC04BD /* Pods_HomeBaseTests.framework */ = {isa = PBXFileReference; explicitFileType = wrapper.framework; includeInIndex = 0; path = Pods_HomeBaseTests.framework; sourceTree = BUILT_PRODUCTS_DIR; };
		F51C9B3AEEE77B2E4823D409 /* Pods-HomeBaseTests.debug.xcconfig */ = {isa = PBXFileReference; includeInIndex = 1; lastKnownFileType = text.xcconfig; name = "Pods-HomeBaseTests.debug.xcconfig"; path = "Pods/Target Support Files/Pods-HomeBaseTests/Pods-HomeBaseTests.debug.xcconfig"; sourceTree = "<group>"; };
/* End PBXFileReference section */

/* Begin PBXFrameworksBuildPhase section */
		722A54211F35C79E00499113 /* Frameworks */ = {
			isa = PBXFrameworksBuildPhase;
			buildActionMask = 2147483647;
			files = (
				A396F94C5C79E078FA99245A /* Pods_HomeBase.framework in Frameworks */,
			);
			runOnlyForDeploymentPostprocessing = 0;
		};
		722A54351F35C79E00499113 /* Frameworks */ = {
			isa = PBXFrameworksBuildPhase;
			buildActionMask = 2147483647;
			files = (
				5941518F67A8EBB1F29542CE /* Pods_HomeBaseTests.framework in Frameworks */,
			);
			runOnlyForDeploymentPostprocessing = 0;
		};
/* End PBXFrameworksBuildPhase section */

/* Begin PBXGroup section */
		03C9A03772B282C54FF26383 /* Frameworks */ = {
			isa = PBXGroup;
			children = (
				9EDEFF7345D89820147D740D /* Pods_HomeBase.framework */,
				CC494B5586CABF6946FC04BD /* Pods_HomeBaseTests.framework */,
			);
			name = Frameworks;
			sourceTree = "<group>";
		};
		722A541B1F35C79E00499113 = {
			isa = PBXGroup;
			children = (
				722A54261F35C79E00499113 /* HomeBase */,
				722A543B1F35C79E00499113 /* HomeBaseTests */,
				722A54251F35C79E00499113 /* Products */,
				77E74DEAFC64D055BFDDFCBE /* Pods */,
				03C9A03772B282C54FF26383 /* Frameworks */,
			);
			sourceTree = "<group>";
		};
		722A54251F35C79E00499113 /* Products */ = {
			isa = PBXGroup;
			children = (
				722A54241F35C79E00499113 /* HomeBase.app */,
				722A54381F35C79E00499113 /* HomeBaseTests.xctest */,
			);
			name = Products;
			sourceTree = "<group>";
		};
		722A54261F35C79E00499113 /* HomeBase */ = {
			isa = PBXGroup;
			children = (
				722A54271F35C79E00499113 /* AppDelegate.swift */,
				72425E411F398A180071FA13 /* MainTabBarController.swift */,
				C9A3E4611F3A2A7200F592A0 /* DBManager.swift */,
				722A55051F3841C900499113 /* Start */,
				722A54FD1F38373E00499113 /* Team */,
				72425EFA1F3A02AC0071FA13 /* Schedule */,
				722A54FE1F38374C00499113 /* Squad */,
				722A542B1F35C79E00499113 /* Main.storyboard */,
				722A55021F3841B100499113 /* StartNavigation.storyboard */,
				722A54F21F3834E600499113 /* TeamNavigation.storyboard */,
				722A54FF1F38385D00499113 /* SquadNavigation.storyboard */,
				72425EF71F3A025D0071FA13 /* ScheduleNavigation.storyboard */,
				722A542E1F35C79E00499113 /* Assets.xcassets */,
				722A54301F35C79E00499113 /* LaunchScreen.storyboard */,
				722A54331F35C79E00499113 /* Info.plist */,
			);
			path = HomeBase;
			sourceTree = "<group>";
		};
		722A543B1F35C79E00499113 /* HomeBaseTests */ = {
			isa = PBXGroup;
			children = (
				722A543C1F35C79E00499113 /* HomeBaseTests.swift */,
				722A543E1F35C79E00499113 /* Info.plist */,
			);
			path = HomeBaseTests;
			sourceTree = "<group>";
		};
		722A54FD1F38373E00499113 /* Team */ = {
			isa = PBXGroup;
			children = (
				722A54EE1F38329900499113 /* TeamNavigationViewController.swift */,
				722A54F91F3836D000499113 /* TeamMainViewController.swift */,
				C91970FB1F3AEC1E005805C7 /* TeamScheduleTableViewCell.swift */,
				C91971011F3AED8D005805C7 /* TeamRecordTableViewCell.swift */,
			);
			name = Team;
			sourceTree = "<group>";
		};
		722A54FE1F38374C00499113 /* Squad */ = {
			isa = PBXGroup;
			children = (
				722A54F01F38333B00499113 /* SquadNavigationViewController.swift */,
				722A54FB1F38370900499113 /* SquadMainViewController.swift */,
				C9A3E45D1F39B1BB00F592A0 /* SquadAddPlayerViewController.swift */,
				C9A3E45F1F39B4BD00F592A0 /* SquadPlayerTableViewCell.swift */,
			);
			name = Squad;
			sourceTree = "<group>";
		};
		722A55051F3841C900499113 /* Start */ = {
			isa = PBXGroup;
			children = (
				722A55061F3841F700499113 /* StartNavigationViewController.swift */,
				722A55081F38420C00499113 /* TeamNameViewController.swift */,
				722A550A1F38421B00499113 /* TeamImageViewController.swift */,
			);
			name = Start;
			sourceTree = "<group>";
		};
		72425EFA1F3A02AC0071FA13 /* Schedule */ = {
			isa = PBXGroup;
			children = (
				72425EFB1F3A02C40071FA13 /* ScheduleNavigationViewController.swift */,
				72425EFD1F3A02EF0071FA13 /* AllScheduleViewController.swift */,
				72425EFF1F3A19040071FA13 /* AddScheduleViewController.swift */,
				72425F011F3A31340071FA13 /* DetailScheduleViewController.swift */,
			);
			name = Schedule;
			sourceTree = "<group>";
		};
		77E74DEAFC64D055BFDDFCBE /* Pods */ = {
			isa = PBXGroup;
			children = (
				B2571951D557027D0D74E103 /* Pods-HomeBase.debug.xcconfig */,
				72023B3B200B389AEBFC2FDE /* Pods-HomeBase.release.xcconfig */,
				F51C9B3AEEE77B2E4823D409 /* Pods-HomeBaseTests.debug.xcconfig */,
				48EECDDD73528DA9CAFC5CCE /* Pods-HomeBaseTests.release.xcconfig */,
			);
			name = Pods;
			sourceTree = "<group>";
		};
/* End PBXGroup section */

/* Begin PBXNativeTarget section */
		722A54231F35C79E00499113 /* HomeBase */ = {
			isa = PBXNativeTarget;
			buildConfigurationList = 722A54411F35C79E00499113 /* Build configuration list for PBXNativeTarget "HomeBase" */;
			buildPhases = (
				2EC9482CA29FB11B4AD1F255 /* [CP] Check Pods Manifest.lock */,
				722A54201F35C79E00499113 /* Sources */,
				722A54211F35C79E00499113 /* Frameworks */,
				722A54221F35C79E00499113 /* Resources */,
				94EA5775D9490CD03BA7F381 /* [CP] Embed Pods Frameworks */,
				6DF29C13D0B5BD1AC67EDC3E /* [CP] Copy Pods Resources */,
			);
			buildRules = (
			);
			dependencies = (
			);
			name = HomeBase;
			productName = HomeBase;
			productReference = 722A54241F35C79E00499113 /* HomeBase.app */;
			productType = "com.apple.product-type.application";
		};
		722A54371F35C79E00499113 /* HomeBaseTests */ = {
			isa = PBXNativeTarget;
			buildConfigurationList = 722A54441F35C79E00499113 /* Build configuration list for PBXNativeTarget "HomeBaseTests" */;
			buildPhases = (
				780A1AB8BFDB8BD98B776440 /* [CP] Check Pods Manifest.lock */,
				722A54341F35C79E00499113 /* Sources */,
				722A54351F35C79E00499113 /* Frameworks */,
				722A54361F35C79E00499113 /* Resources */,
				AB9AD06044C43655B8A72055 /* [CP] Embed Pods Frameworks */,
				22CEA27317B9E9CE96CD36CD /* [CP] Copy Pods Resources */,
			);
			buildRules = (
			);
			dependencies = (
				722A543A1F35C79E00499113 /* PBXTargetDependency */,
			);
			name = HomeBaseTests;
			productName = HomeBaseTests;
			productReference = 722A54381F35C79E00499113 /* HomeBaseTests.xctest */;
			productType = "com.apple.product-type.bundle.unit-test";
		};
/* End PBXNativeTarget section */

/* Begin PBXProject section */
		722A541C1F35C79E00499113 /* Project object */ = {
			isa = PBXProject;
			attributes = {
				LastSwiftUpdateCheck = 0830;
				LastUpgradeCheck = 0830;
				ORGANIZATIONNAME = LemonKooma;
				TargetAttributes = {
					722A54231F35C79E00499113 = {
						CreatedOnToolsVersion = 8.3.3;
						DevelopmentTeam = 836DYQVDP8;
						ProvisioningStyle = Automatic;
					};
					722A54371F35C79E00499113 = {
						CreatedOnToolsVersion = 8.3.3;
						DevelopmentTeam = 836DYQVDP8;
						ProvisioningStyle = Automatic;
						TestTargetID = 722A54231F35C79E00499113;
					};
				};
			};
			buildConfigurationList = 722A541F1F35C79E00499113 /* Build configuration list for PBXProject "HomeBase" */;
			compatibilityVersion = "Xcode 3.2";
			developmentRegion = English;
			hasScannedForEncodings = 0;
			knownRegions = (
				en,
				Base,
			);
			mainGroup = 722A541B1F35C79E00499113;
			productRefGroup = 722A54251F35C79E00499113 /* Products */;
			projectDirPath = "";
			projectRoot = "";
			targets = (
				722A54231F35C79E00499113 /* HomeBase */,
				722A54371F35C79E00499113 /* HomeBaseTests */,
			);
		};
/* End PBXProject section */

/* Begin PBXResourcesBuildPhase section */
		722A54221F35C79E00499113 /* Resources */ = {
			isa = PBXResourcesBuildPhase;
			buildActionMask = 2147483647;
			files = (
				722A54321F35C79E00499113 /* LaunchScreen.storyboard in Resources */,
				722A542F1F35C79E00499113 /* Assets.xcassets in Resources */,
				722A542D1F35C79E00499113 /* Main.storyboard in Resources */,
				722A55041F3841B100499113 /* StartNavigation.storyboard in Resources */,
				72425EF91F3A025D0071FA13 /* ScheduleNavigation.storyboard in Resources */,
				722A55011F38385D00499113 /* SquadNavigation.storyboard in Resources */,
				722A54F41F3834E600499113 /* TeamNavigation.storyboard in Resources */,
			);
			runOnlyForDeploymentPostprocessing = 0;
		};
		722A54361F35C79E00499113 /* Resources */ = {
			isa = PBXResourcesBuildPhase;
			buildActionMask = 2147483647;
			files = (
			);
			runOnlyForDeploymentPostprocessing = 0;
		};
/* End PBXResourcesBuildPhase section */

/* Begin PBXShellScriptBuildPhase section */
		22CEA27317B9E9CE96CD36CD /* [CP] Copy Pods Resources */ = {
			isa = PBXShellScriptBuildPhase;
			buildActionMask = 2147483647;
			files = (
			);
			inputPaths = (
			);
			name = "[CP] Copy Pods Resources";
			outputPaths = (
			);
			runOnlyForDeploymentPostprocessing = 0;
			shellPath = /bin/sh;
			shellScript = "\"${SRCROOT}/Pods/Target Support Files/Pods-HomeBaseTests/Pods-HomeBaseTests-resources.sh\"\n";
			showEnvVarsInLog = 0;
		};
		2EC9482CA29FB11B4AD1F255 /* [CP] Check Pods Manifest.lock */ = {
			isa = PBXShellScriptBuildPhase;
			buildActionMask = 2147483647;
			files = (
			);
			inputPaths = (
				"${PODS_PODFILE_DIR_PATH}/Podfile.lock",
				"${PODS_ROOT}/Manifest.lock",
			);
			name = "[CP] Check Pods Manifest.lock";
			outputPaths = (
				"$(DERIVED_FILE_DIR)/Pods-HomeBase-checkManifestLockResult.txt",
			);
			runOnlyForDeploymentPostprocessing = 0;
			shellPath = /bin/sh;
			shellScript = "diff \"${PODS_PODFILE_DIR_PATH}/Podfile.lock\" \"${PODS_ROOT}/Manifest.lock\" > /dev/null\nif [ $? != 0 ] ; then\n    # print error to STDERR\n    echo \"error: The sandbox is not in sync with the Podfile.lock. Run 'pod install' or update your CocoaPods installation.\" >&2\n    exit 1\nfi\n# This output is used by Xcode 'outputs' to avoid re-running this script phase.\necho \"SUCCESS\" > \"${SCRIPT_OUTPUT_FILE_0}\"\n";
			showEnvVarsInLog = 0;
		};
		6DF29C13D0B5BD1AC67EDC3E /* [CP] Copy Pods Resources */ = {
			isa = PBXShellScriptBuildPhase;
			buildActionMask = 2147483647;
			files = (
			);
			inputPaths = (
			);
			name = "[CP] Copy Pods Resources";
			outputPaths = (
			);
			runOnlyForDeploymentPostprocessing = 0;
			shellPath = /bin/sh;
			shellScript = "\"${SRCROOT}/Pods/Target Support Files/Pods-HomeBase/Pods-HomeBase-resources.sh\"\n";
			showEnvVarsInLog = 0;
		};
		780A1AB8BFDB8BD98B776440 /* [CP] Check Pods Manifest.lock */ = {
			isa = PBXShellScriptBuildPhase;
			buildActionMask = 2147483647;
			files = (
			);
			inputPaths = (
				"${PODS_PODFILE_DIR_PATH}/Podfile.lock",
				"${PODS_ROOT}/Manifest.lock",
			);
			name = "[CP] Check Pods Manifest.lock";
			outputPaths = (
				"$(DERIVED_FILE_DIR)/Pods-HomeBaseTests-checkManifestLockResult.txt",
			);
			runOnlyForDeploymentPostprocessing = 0;
			shellPath = /bin/sh;
			shellScript = "diff \"${PODS_PODFILE_DIR_PATH}/Podfile.lock\" \"${PODS_ROOT}/Manifest.lock\" > /dev/null\nif [ $? != 0 ] ; then\n    # print error to STDERR\n    echo \"error: The sandbox is not in sync with the Podfile.lock. Run 'pod install' or update your CocoaPods installation.\" >&2\n    exit 1\nfi\n# This output is used by Xcode 'outputs' to avoid re-running this script phase.\necho \"SUCCESS\" > \"${SCRIPT_OUTPUT_FILE_0}\"\n";
			showEnvVarsInLog = 0;
		};
		94EA5775D9490CD03BA7F381 /* [CP] Embed Pods Frameworks */ = {
			isa = PBXShellScriptBuildPhase;
			buildActionMask = 2147483647;
			files = (
			);
			inputPaths = (
				"${SRCROOT}/Pods/Target Support Files/Pods-HomeBase/Pods-HomeBase-frameworks.sh",
				"${BUILT_PRODUCTS_DIR}/SQLite.swift/SQLite.framework",
			);
			name = "[CP] Embed Pods Frameworks";
			outputPaths = (
				"${TARGET_BUILD_DIR}/${FRAMEWORKS_FOLDER_PATH}/SQLite.framework",
			);
			runOnlyForDeploymentPostprocessing = 0;
			shellPath = /bin/sh;
			shellScript = "\"${SRCROOT}/Pods/Target Support Files/Pods-HomeBase/Pods-HomeBase-frameworks.sh\"\n";
			showEnvVarsInLog = 0;
		};
		AB9AD06044C43655B8A72055 /* [CP] Embed Pods Frameworks */ = {
			isa = PBXShellScriptBuildPhase;
			buildActionMask = 2147483647;
			files = (
			);
			inputPaths = (
			);
			name = "[CP] Embed Pods Frameworks";
			outputPaths = (
			);
			runOnlyForDeploymentPostprocessing = 0;
			shellPath = /bin/sh;
			shellScript = "\"${SRCROOT}/Pods/Target Support Files/Pods-HomeBaseTests/Pods-HomeBaseTests-frameworks.sh\"\n";
			showEnvVarsInLog = 0;
		};
/* End PBXShellScriptBuildPhase section */

/* Begin PBXSourcesBuildPhase section */
		722A54201F35C79E00499113 /* Sources */ = {
			isa = PBXSourcesBuildPhase;
			buildActionMask = 2147483647;
			files = (
				722A54FC1F38370900499113 /* SquadMainViewController.swift in Sources */,
				C91971021F3AED8D005805C7 /* TeamRecordTableViewCell.swift in Sources */,
				C91970FC1F3AEC1E005805C7 /* TeamScheduleTableViewCell.swift in Sources */,
				72425EFE1F3A02EF0071FA13 /* AllScheduleViewController.swift in Sources */,
				722A550B1F38421B00499113 /* TeamImageViewController.swift in Sources */,
				C9A3E45E1F39B1BB00F592A0 /* SquadAddPlayerViewController.swift in Sources */,
				72425E421F398A180071FA13 /* MainTabBarController.swift in Sources */,
				722A54EF1F38329900499113 /* TeamNavigationViewController.swift in Sources */,
				722A54281F35C79E00499113 /* AppDelegate.swift in Sources */,
				722A54FA1F3836D000499113 /* TeamMainViewController.swift in Sources */,
				72425F001F3A19040071FA13 /* AddScheduleViewController.swift in Sources */,
				C9A3E4621F3A2A7200F592A0 /* DBManager.swift in Sources */,
				722A54F11F38333B00499113 /* SquadNavigationViewController.swift in Sources */,
				C9A3E4601F39B4BD00F592A0 /* SquadPlayerTableViewCell.swift in Sources */,
				722A55071F3841F700499113 /* StartNavigationViewController.swift in Sources */,
				722A55091F38420C00499113 /* TeamNameViewController.swift in Sources */,
				72425F021F3A31340071FA13 /* DetailScheduleViewController.swift in Sources */,
				72425EFC1F3A02C40071FA13 /* ScheduleNavigationViewController.swift in Sources */,
			);
			runOnlyForDeploymentPostprocessing = 0;
		};
		722A54341F35C79E00499113 /* Sources */ = {
			isa = PBXSourcesBuildPhase;
			buildActionMask = 2147483647;
			files = (
				722A543D1F35C79E00499113 /* HomeBaseTests.swift in Sources */,
			);
			runOnlyForDeploymentPostprocessing = 0;
		};
/* End PBXSourcesBuildPhase section */

/* Begin PBXTargetDependency section */
		722A543A1F35C79E00499113 /* PBXTargetDependency */ = {
			isa = PBXTargetDependency;
			target = 722A54231F35C79E00499113 /* HomeBase */;
			targetProxy = 722A54391F35C79E00499113 /* PBXContainerItemProxy */;
		};
/* End PBXTargetDependency section */

/* Begin PBXVariantGroup section */
		722A542B1F35C79E00499113 /* Main.storyboard */ = {
			isa = PBXVariantGroup;
			children = (
				722A542C1F35C79E00499113 /* Base */,
			);
			name = Main.storyboard;
			sourceTree = "<group>";
		};
		722A54301F35C79E00499113 /* LaunchScreen.storyboard */ = {
			isa = PBXVariantGroup;
			children = (
				722A54311F35C79E00499113 /* Base */,
			);
			name = LaunchScreen.storyboard;
			sourceTree = "<group>";
		};
		722A54F21F3834E600499113 /* TeamNavigation.storyboard */ = {
			isa = PBXVariantGroup;
			children = (
				722A54F31F3834E600499113 /* Base */,
			);
			name = TeamNavigation.storyboard;
			sourceTree = "<group>";
		};
		722A54FF1F38385D00499113 /* SquadNavigation.storyboard */ = {
			isa = PBXVariantGroup;
			children = (
				722A55001F38385D00499113 /* Base */,
			);
			name = SquadNavigation.storyboard;
			sourceTree = "<group>";
		};
		722A55021F3841B100499113 /* StartNavigation.storyboard */ = {
			isa = PBXVariantGroup;
			children = (
				722A55031F3841B100499113 /* Base */,
			);
			name = StartNavigation.storyboard;
			sourceTree = "<group>";
		};
		72425EF71F3A025D0071FA13 /* ScheduleNavigation.storyboard */ = {
			isa = PBXVariantGroup;
			children = (
				72425EF81F3A025D0071FA13 /* Base */,
			);
			name = ScheduleNavigation.storyboard;
			sourceTree = "<group>";
		};
/* End PBXVariantGroup section */

/* Begin XCBuildConfiguration section */
		722A543F1F35C79E00499113 /* Debug */ = {
			isa = XCBuildConfiguration;
			buildSettings = {
				ALWAYS_SEARCH_USER_PATHS = NO;
				CLANG_ANALYZER_NONNULL = YES;
				CLANG_ANALYZER_NUMBER_OBJECT_CONVERSION = YES_AGGRESSIVE;
				CLANG_CXX_LANGUAGE_STANDARD = "gnu++0x";
				CLANG_CXX_LIBRARY = "libc++";
				CLANG_ENABLE_MODULES = YES;
				CLANG_ENABLE_OBJC_ARC = YES;
				CLANG_WARN_BOOL_CONVERSION = YES;
				CLANG_WARN_CONSTANT_CONVERSION = YES;
				CLANG_WARN_DIRECT_OBJC_ISA_USAGE = YES_ERROR;
				CLANG_WARN_DOCUMENTATION_COMMENTS = YES;
				CLANG_WARN_EMPTY_BODY = YES;
				CLANG_WARN_ENUM_CONVERSION = YES;
				CLANG_WARN_INFINITE_RECURSION = YES;
				CLANG_WARN_INT_CONVERSION = YES;
				CLANG_WARN_OBJC_ROOT_CLASS = YES_ERROR;
				CLANG_WARN_SUSPICIOUS_MOVE = YES;
				CLANG_WARN_UNREACHABLE_CODE = YES;
				CLANG_WARN__DUPLICATE_METHOD_MATCH = YES;
				"CODE_SIGN_IDENTITY[sdk=iphoneos*]" = "iPhone Developer";
				COPY_PHASE_STRIP = NO;
				DEBUG_INFORMATION_FORMAT = dwarf;
				ENABLE_STRICT_OBJC_MSGSEND = YES;
				ENABLE_TESTABILITY = YES;
				GCC_C_LANGUAGE_STANDARD = gnu99;
				GCC_DYNAMIC_NO_PIC = NO;
				GCC_NO_COMMON_BLOCKS = YES;
				GCC_OPTIMIZATION_LEVEL = 0;
				GCC_PREPROCESSOR_DEFINITIONS = (
					"DEBUG=1",
					"$(inherited)",
				);
				GCC_WARN_64_TO_32_BIT_CONVERSION = YES;
				GCC_WARN_ABOUT_RETURN_TYPE = YES_ERROR;
				GCC_WARN_UNDECLARED_SELECTOR = YES;
				GCC_WARN_UNINITIALIZED_AUTOS = YES_AGGRESSIVE;
				GCC_WARN_UNUSED_FUNCTION = YES;
				GCC_WARN_UNUSED_VARIABLE = YES;
				IPHONEOS_DEPLOYMENT_TARGET = 10.3;
				MTL_ENABLE_DEBUG_INFO = YES;
				ONLY_ACTIVE_ARCH = YES;
				SDKROOT = iphoneos;
				SWIFT_ACTIVE_COMPILATION_CONDITIONS = DEBUG;
				SWIFT_OPTIMIZATION_LEVEL = "-Onone";
				TARGETED_DEVICE_FAMILY = "1,2";
			};
			name = Debug;
		};
		722A54401F35C79E00499113 /* Release */ = {
			isa = XCBuildConfiguration;
			buildSettings = {
				ALWAYS_SEARCH_USER_PATHS = NO;
				CLANG_ANALYZER_NONNULL = YES;
				CLANG_ANALYZER_NUMBER_OBJECT_CONVERSION = YES_AGGRESSIVE;
				CLANG_CXX_LANGUAGE_STANDARD = "gnu++0x";
				CLANG_CXX_LIBRARY = "libc++";
				CLANG_ENABLE_MODULES = YES;
				CLANG_ENABLE_OBJC_ARC = YES;
				CLANG_WARN_BOOL_CONVERSION = YES;
				CLANG_WARN_CONSTANT_CONVERSION = YES;
				CLANG_WARN_DIRECT_OBJC_ISA_USAGE = YES_ERROR;
				CLANG_WARN_DOCUMENTATION_COMMENTS = YES;
				CLANG_WARN_EMPTY_BODY = YES;
				CLANG_WARN_ENUM_CONVERSION = YES;
				CLANG_WARN_INFINITE_RECURSION = YES;
				CLANG_WARN_INT_CONVERSION = YES;
				CLANG_WARN_OBJC_ROOT_CLASS = YES_ERROR;
				CLANG_WARN_SUSPICIOUS_MOVE = YES;
				CLANG_WARN_UNREACHABLE_CODE = YES;
				CLANG_WARN__DUPLICATE_METHOD_MATCH = YES;
				"CODE_SIGN_IDENTITY[sdk=iphoneos*]" = "iPhone Developer";
				COPY_PHASE_STRIP = NO;
				DEBUG_INFORMATION_FORMAT = "dwarf-with-dsym";
				ENABLE_NS_ASSERTIONS = NO;
				ENABLE_STRICT_OBJC_MSGSEND = YES;
				GCC_C_LANGUAGE_STANDARD = gnu99;
				GCC_NO_COMMON_BLOCKS = YES;
				GCC_WARN_64_TO_32_BIT_CONVERSION = YES;
				GCC_WARN_ABOUT_RETURN_TYPE = YES_ERROR;
				GCC_WARN_UNDECLARED_SELECTOR = YES;
				GCC_WARN_UNINITIALIZED_AUTOS = YES_AGGRESSIVE;
				GCC_WARN_UNUSED_FUNCTION = YES;
				GCC_WARN_UNUSED_VARIABLE = YES;
				IPHONEOS_DEPLOYMENT_TARGET = 10.3;
				MTL_ENABLE_DEBUG_INFO = NO;
				SDKROOT = iphoneos;
				SWIFT_OPTIMIZATION_LEVEL = "-Owholemodule";
				TARGETED_DEVICE_FAMILY = "1,2";
				VALIDATE_PRODUCT = YES;
			};
			name = Release;
		};
		722A54421F35C79E00499113 /* Debug */ = {
			isa = XCBuildConfiguration;
			baseConfigurationReference = B2571951D557027D0D74E103 /* Pods-HomeBase.debug.xcconfig */;
			buildSettings = {
				ASSETCATALOG_COMPILER_APPICON_NAME = AppIcon;
				DEVELOPMENT_TEAM = 836DYQVDP8;
				INFOPLIST_FILE = HomeBase/Info.plist;
				LD_RUNPATH_SEARCH_PATHS = "$(inherited) @executable_path/Frameworks";
				PRODUCT_BUNDLE_IDENTIFIER = com.lemonkooma.HomeBase;
				PRODUCT_NAME = "$(TARGET_NAME)";
				SWIFT_VERSION = 3.0;
			};
			name = Debug;
		};
		722A54431F35C79E00499113 /* Release */ = {
			isa = XCBuildConfiguration;
			baseConfigurationReference = 72023B3B200B389AEBFC2FDE /* Pods-HomeBase.release.xcconfig */;
			buildSettings = {
				ASSETCATALOG_COMPILER_APPICON_NAME = AppIcon;
				DEVELOPMENT_TEAM = 836DYQVDP8;
				INFOPLIST_FILE = HomeBase/Info.plist;
				LD_RUNPATH_SEARCH_PATHS = "$(inherited) @executable_path/Frameworks";
				PRODUCT_BUNDLE_IDENTIFIER = com.lemonkooma.HomeBase;
				PRODUCT_NAME = "$(TARGET_NAME)";
				SWIFT_VERSION = 3.0;
			};
			name = Release;
		};
		722A54451F35C79E00499113 /* Debug */ = {
			isa = XCBuildConfiguration;
			baseConfigurationReference = F51C9B3AEEE77B2E4823D409 /* Pods-HomeBaseTests.debug.xcconfig */;
			buildSettings = {
				ALWAYS_EMBED_SWIFT_STANDARD_LIBRARIES = YES;
				BUNDLE_LOADER = "$(TEST_HOST)";
				DEVELOPMENT_TEAM = 836DYQVDP8;
				INFOPLIST_FILE = HomeBaseTests/Info.plist;
				LD_RUNPATH_SEARCH_PATHS = "$(inherited) @executable_path/Frameworks @loader_path/Frameworks";
				PRODUCT_BUNDLE_IDENTIFIER = com.lemonkooma.HomeBaseTests;
				PRODUCT_NAME = "$(TARGET_NAME)";
				SWIFT_VERSION = 3.0;
				TEST_HOST = "$(BUILT_PRODUCTS_DIR)/HomeBase.app/HomeBase";
			};
			name = Debug;
		};
		722A54461F35C79E00499113 /* Release */ = {
			isa = XCBuildConfiguration;
			baseConfigurationReference = 48EECDDD73528DA9CAFC5CCE /* Pods-HomeBaseTests.release.xcconfig */;
			buildSettings = {
				ALWAYS_EMBED_SWIFT_STANDARD_LIBRARIES = YES;
				BUNDLE_LOADER = "$(TEST_HOST)";
				DEVELOPMENT_TEAM = 836DYQVDP8;
				INFOPLIST_FILE = HomeBaseTests/Info.plist;
				LD_RUNPATH_SEARCH_PATHS = "$(inherited) @executable_path/Frameworks @loader_path/Frameworks";
				PRODUCT_BUNDLE_IDENTIFIER = com.lemonkooma.HomeBaseTests;
				PRODUCT_NAME = "$(TARGET_NAME)";
				SWIFT_VERSION = 3.0;
				TEST_HOST = "$(BUILT_PRODUCTS_DIR)/HomeBase.app/HomeBase";
			};
			name = Release;
		};
/* End XCBuildConfiguration section */

/* Begin XCConfigurationList section */
		722A541F1F35C79E00499113 /* Build configuration list for PBXProject "HomeBase" */ = {
			isa = XCConfigurationList;
			buildConfigurations = (
				722A543F1F35C79E00499113 /* Debug */,
				722A54401F35C79E00499113 /* Release */,
			);
			defaultConfigurationIsVisible = 0;
			defaultConfigurationName = Release;
		};
		722A54411F35C79E00499113 /* Build configuration list for PBXNativeTarget "HomeBase" */ = {
			isa = XCConfigurationList;
			buildConfigurations = (
				722A54421F35C79E00499113 /* Debug */,
				722A54431F35C79E00499113 /* Release */,
			);
			defaultConfigurationIsVisible = 0;
			defaultConfigurationName = Release;
		};
		722A54441F35C79E00499113 /* Build configuration list for PBXNativeTarget "HomeBaseTests" */ = {
			isa = XCConfigurationList;
			buildConfigurations = (
				722A54451F35C79E00499113 /* Debug */,
				722A54461F35C79E00499113 /* Release */,
			);
			defaultConfigurationIsVisible = 0;
			defaultConfigurationName = Release;
		};
/* End XCConfigurationList section */
	};
	rootObject = 722A541C1F35C79E00499113 /* Project object */;
}
